
Microsoft Visual Studio Solution File, Format Version 12.00
# Visual Studio Version 17
VisualStudioVersion = 17.2.32616.157
MinimumVisualStudioVersion = 10.0.40219.1
Project("{FAE04EC0-301F-11D3-BF4B-00C04F79EFBC}") = "ProcessarXMLNfe", "ProcessarXMLNfe\ProcessarXMLNfe.csproj", "{16D4AAD2-B02D-4DC1-A7A6-1990715BEA7A}"
EndProject
Global
	GlobalSection(SolutionConfigurationPlatforms) = preSolution
		Debug|Any CPU = Debug|Any CPU
		Release|Any CPU = Release|Any CPU
	EndGlobalSection
	GlobalSection(ProjectConfigurationPlatforms) = postSolution
		{16D4AAD2-B02D-4DC1-A7A6-1990715BEA7A}.Debug|Any CPU.ActiveCfg = Debug|Any CPU
		{16D4AAD2-B02D-4DC1-A7A6-1990715BEA7A}.Debug|Any CPU.Build.0 = Debug|Any CPU
		{16D4AAD2-B02D-4DC1-A7A6-1990715BEA7A}.Release|Any CPU.ActiveCfg = Release|Any CPU
		{16D4AAD2-B02D-4DC1-A7A6-1990715BEA7A}.Release|Any CPU.Build.0 = Release|Any CPU
	EndGlobalSection
	GlobalSection(SolutionProperties) = preSolution
		HideSolutionNode = FALSE
	EndGlobalSection
	GlobalSection(ExtensibilityGlobals) = postSolution
		SolutionGuid = {4860643F-4251-4750-A255-DC0C9C416E43}
	EndGlobalSection
EndGlobal
